
Microsoft Visual Studio Solution File, Format Version 12.00
# Visual Studio Version 16
VisualStudioVersion = 16.0.31702.278
MinimumVisualStudioVersion = 10.0.40219.1
Project("{FAE04EC0-301F-11D3-BF4B-00C04F79EFBC}") = "kac basamak", "kac basamak.csproj", "{BECF0FE7-A804-4A14-ABBD-CA3E0072DBB0}"
EndProject
Global
	GlobalSection(SolutionConfigurationPlatforms) = preSolution
		Debug|Any CPU = Debug|Any CPU
		Release|Any CPU = Release|Any CPU
	EndGlobalSection
	GlobalSection(ProjectConfigurationPlatforms) = postSolution
		{BECF0FE7-A804-4A14-ABBD-CA3E0072DBB0}.Debug|Any CPU.ActiveCfg = Debug|Any CPU
		{BECF0FE7-A804-4A14-ABBD-CA3E0072DBB0}.Debug|Any CPU.Build.0 = Debug|Any CPU
		{BECF0FE7-A804-4A14-ABBD-CA3E0072DBB0}.Release|Any CPU.ActiveCfg = Release|Any CPU
		{BECF0FE7-A804-4A14-ABBD-CA3E0072DBB0}.Release|Any CPU.Build.0 = Release|Any CPU
	EndGlobalSection
	GlobalSection(SolutionProperties) = preSolution
		HideSolutionNode = FALSE
	EndGlobalSection
	GlobalSection(ExtensibilityGlobals) = postSolution
		SolutionGuid = {AE7D0027-D66E-4DF0-BE53-DC561223DED1}
	EndGlobalSection
EndGlobal
