
Microsoft Visual Studio Solution File, Format Version 12.00
# Visual Studio Version 16
VisualStudioVersion = 16.0.31729.503
MinimumVisualStudioVersion = 10.0.40219.1
Project("{FAE04EC0-301F-11D3-BF4B-00C04F79EFBC}") = "yıldız ile kare", "yıldız ile kare.csproj", "{7588835A-97D6-4043-B124-E4235066CC12}"
EndProject
Global
	GlobalSection(SolutionConfigurationPlatforms) = preSolution
		Debug|Any CPU = Debug|Any CPU
		Release|Any CPU = Release|Any CPU
	EndGlobalSection
	GlobalSection(ProjectConfigurationPlatforms) = postSolution
		{7588835A-97D6-4043-B124-E4235066CC12}.Debug|Any CPU.ActiveCfg = Debug|Any CPU
		{7588835A-97D6-4043-B124-E4235066CC12}.Debug|Any CPU.Build.0 = Debug|Any CPU
		{7588835A-97D6-4043-B124-E4235066CC12}.Release|Any CPU.ActiveCfg = Release|Any CPU
		{7588835A-97D6-4043-B124-E4235066CC12}.Release|Any CPU.Build.0 = Release|Any CPU
	EndGlobalSection
	GlobalSection(SolutionProperties) = preSolution
		HideSolutionNode = FALSE
	EndGlobalSection
	GlobalSection(ExtensibilityGlobals) = postSolution
		SolutionGuid = {908E5A8D-7489-4E10-828C-C39FEA2E510D}
	EndGlobalSection
EndGlobal
