
Microsoft Visual Studio Solution File, Format Version 12.00
# Visual Studio Version 16
VisualStudioVersion = 16.0.31702.278
MinimumVisualStudioVersion = 10.0.40219.1
Project("{FAE04EC0-301F-11D3-BF4B-00C04F79EFBC}") = "ödev1", "ödev1.csproj", "{F4441E1A-C536-4A1D-B17F-DF6C0A217EAB}"
EndProject
Global
	GlobalSection(SolutionConfigurationPlatforms) = preSolution
		Debug|Any CPU = Debug|Any CPU
		Release|Any CPU = Release|Any CPU
	EndGlobalSection
	GlobalSection(ProjectConfigurationPlatforms) = postSolution
		{F4441E1A-C536-4A1D-B17F-DF6C0A217EAB}.Debug|Any CPU.ActiveCfg = Debug|Any CPU
		{F4441E1A-C536-4A1D-B17F-DF6C0A217EAB}.Debug|Any CPU.Build.0 = Debug|Any CPU
		{F4441E1A-C536-4A1D-B17F-DF6C0A217EAB}.Release|Any CPU.ActiveCfg = Release|Any CPU
		{F4441E1A-C536-4A1D-B17F-DF6C0A217EAB}.Release|Any CPU.Build.0 = Release|Any CPU
	EndGlobalSection
	GlobalSection(SolutionProperties) = preSolution
		HideSolutionNode = FALSE
	EndGlobalSection
	GlobalSection(ExtensibilityGlobals) = postSolution
		SolutionGuid = {964B37FA-36B5-47B2-8180-0B0B940693D7}
	EndGlobalSection
EndGlobal
