
Microsoft Visual Studio Solution File, Format Version 12.00
# Visual Studio Version 16
VisualStudioVersion = 16.0.31911.196
MinimumVisualStudioVersion = 10.0.40219.1
Project("{FAE04EC0-301F-11D3-BF4B-00C04F79EFBC}") = "loto", "loto\loto.csproj", "{95D36BB0-3371-4C17-A4B6-2F2217A2AB29}"
EndProject
Global
	GlobalSection(SolutionConfigurationPlatforms) = preSolution
		Debug|Any CPU = Debug|Any CPU
		Release|Any CPU = Release|Any CPU
	EndGlobalSection
	GlobalSection(ProjectConfigurationPlatforms) = postSolution
		{95D36BB0-3371-4C17-A4B6-2F2217A2AB29}.Debug|Any CPU.ActiveCfg = Debug|Any CPU
		{95D36BB0-3371-4C17-A4B6-2F2217A2AB29}.Debug|Any CPU.Build.0 = Debug|Any CPU
		{95D36BB0-3371-4C17-A4B6-2F2217A2AB29}.Release|Any CPU.ActiveCfg = Release|Any CPU
		{95D36BB0-3371-4C17-A4B6-2F2217A2AB29}.Release|Any CPU.Build.0 = Release|Any CPU
	EndGlobalSection
	GlobalSection(SolutionProperties) = preSolution
		HideSolutionNode = FALSE
	EndGlobalSection
	GlobalSection(ExtensibilityGlobals) = postSolution
		SolutionGuid = {CFDC44C8-691C-4BB3-B6DE-098B52F33246}
	EndGlobalSection
EndGlobal
