
Microsoft Visual Studio Solution File, Format Version 12.00
# Visual Studio Version 16
VisualStudioVersion = 16.0.31702.278
MinimumVisualStudioVersion = 10.0.40219.1
Project("{FAE04EC0-301F-11D3-BF4B-00C04F79EFBC}") = "basarı durumu", "basarı durumu.csproj", "{75E63A54-D5B3-4CDB-9F19-28062FCECF76}"
EndProject
Global
	GlobalSection(SolutionConfigurationPlatforms) = preSolution
		Debug|Any CPU = Debug|Any CPU
		Release|Any CPU = Release|Any CPU
	EndGlobalSection
	GlobalSection(ProjectConfigurationPlatforms) = postSolution
		{75E63A54-D5B3-4CDB-9F19-28062FCECF76}.Debug|Any CPU.ActiveCfg = Debug|Any CPU
		{75E63A54-D5B3-4CDB-9F19-28062FCECF76}.Debug|Any CPU.Build.0 = Debug|Any CPU
		{75E63A54-D5B3-4CDB-9F19-28062FCECF76}.Release|Any CPU.ActiveCfg = Release|Any CPU
		{75E63A54-D5B3-4CDB-9F19-28062FCECF76}.Release|Any CPU.Build.0 = Release|Any CPU
	EndGlobalSection
	GlobalSection(SolutionProperties) = preSolution
		HideSolutionNode = FALSE
	EndGlobalSection
	GlobalSection(ExtensibilityGlobals) = postSolution
		SolutionGuid = {C550BC8B-322F-4D17-ABA3-D9DAB385829B}
	EndGlobalSection
EndGlobal
