
Microsoft Visual Studio Solution File, Format Version 12.00
# Visual Studio Version 16
VisualStudioVersion = 16.0.31702.278
MinimumVisualStudioVersion = 10.0.40219.1
Project("{FAE04EC0-301F-11D3-BF4B-00C04F79EFBC}") = "kare", "kare.csproj", "{A3071CCB-BEE4-4936-9CC8-FC347772CA4A}"
EndProject
Global
	GlobalSection(SolutionConfigurationPlatforms) = preSolution
		Debug|Any CPU = Debug|Any CPU
		Release|Any CPU = Release|Any CPU
	EndGlobalSection
	GlobalSection(ProjectConfigurationPlatforms) = postSolution
		{A3071CCB-BEE4-4936-9CC8-FC347772CA4A}.Debug|Any CPU.ActiveCfg = Debug|Any CPU
		{A3071CCB-BEE4-4936-9CC8-FC347772CA4A}.Debug|Any CPU.Build.0 = Debug|Any CPU
		{A3071CCB-BEE4-4936-9CC8-FC347772CA4A}.Release|Any CPU.ActiveCfg = Release|Any CPU
		{A3071CCB-BEE4-4936-9CC8-FC347772CA4A}.Release|Any CPU.Build.0 = Release|Any CPU
	EndGlobalSection
	GlobalSection(SolutionProperties) = preSolution
		HideSolutionNode = FALSE
	EndGlobalSection
	GlobalSection(ExtensibilityGlobals) = postSolution
		SolutionGuid = {9FC193BC-3DD2-4A80-B22C-407E42AFB4A7}
	EndGlobalSection
EndGlobal
