
Microsoft Visual Studio Solution File, Format Version 12.00
# Visual Studio Version 16
VisualStudioVersion = 16.0.31702.278
MinimumVisualStudioVersion = 10.0.40219.1
Project("{FAE04EC0-301F-11D3-BF4B-00C04F79EFBC}") = "İLK ÖRNEK", "İLK ÖRNEK.csproj", "{A482D834-4A3C-48AB-9B8F-D4E66D88B5DC}"
EndProject
Global
	GlobalSection(SolutionConfigurationPlatforms) = preSolution
		Debug|Any CPU = Debug|Any CPU
		Release|Any CPU = Release|Any CPU
	EndGlobalSection
	GlobalSection(ProjectConfigurationPlatforms) = postSolution
		{A482D834-4A3C-48AB-9B8F-D4E66D88B5DC}.Debug|Any CPU.ActiveCfg = Debug|Any CPU
		{A482D834-4A3C-48AB-9B8F-D4E66D88B5DC}.Debug|Any CPU.Build.0 = Debug|Any CPU
		{A482D834-4A3C-48AB-9B8F-D4E66D88B5DC}.Release|Any CPU.ActiveCfg = Release|Any CPU
		{A482D834-4A3C-48AB-9B8F-D4E66D88B5DC}.Release|Any CPU.Build.0 = Release|Any CPU
	EndGlobalSection
	GlobalSection(SolutionProperties) = preSolution
		HideSolutionNode = FALSE
	EndGlobalSection
	GlobalSection(ExtensibilityGlobals) = postSolution
		SolutionGuid = {76BBA44B-41A9-43CF-8584-7988F55868CF}
	EndGlobalSection
EndGlobal
