
Microsoft Visual Studio Solution File, Format Version 12.00
# Visual Studio Version 16
VisualStudioVersion = 16.0.31729.503
MinimumVisualStudioVersion = 10.0.40219.1
Project("{FAE04EC0-301F-11D3-BF4B-00C04F79EFBC}") = "while", "while.csproj", "{BF129DF4-1EDB-4BBC-9296-70F13E47395D}"
EndProject
Global
	GlobalSection(SolutionConfigurationPlatforms) = preSolution
		Debug|Any CPU = Debug|Any CPU
		Release|Any CPU = Release|Any CPU
	EndGlobalSection
	GlobalSection(ProjectConfigurationPlatforms) = postSolution
		{BF129DF4-1EDB-4BBC-9296-70F13E47395D}.Debug|Any CPU.ActiveCfg = Debug|Any CPU
		{BF129DF4-1EDB-4BBC-9296-70F13E47395D}.Debug|Any CPU.Build.0 = Debug|Any CPU
		{BF129DF4-1EDB-4BBC-9296-70F13E47395D}.Release|Any CPU.ActiveCfg = Release|Any CPU
		{BF129DF4-1EDB-4BBC-9296-70F13E47395D}.Release|Any CPU.Build.0 = Release|Any CPU
	EndGlobalSection
	GlobalSection(SolutionProperties) = preSolution
		HideSolutionNode = FALSE
	EndGlobalSection
	GlobalSection(ExtensibilityGlobals) = postSolution
		SolutionGuid = {3C4D464D-2FB3-4C00-8FBA-6457A4AFE2C1}
	EndGlobalSection
EndGlobal
