
Microsoft Visual Studio Solution File, Format Version 12.00
# Visual Studio Version 16
VisualStudioVersion = 16.0.31729.503
MinimumVisualStudioVersion = 10.0.40219.1
Project("{FAE04EC0-301F-11D3-BF4B-00C04F79EFBC}") = "ödev3", "ödev3.csproj", "{C0570B3D-19B5-4C6F-866E-C1B055DA06B3}"
EndProject
Global
	GlobalSection(SolutionConfigurationPlatforms) = preSolution
		Debug|Any CPU = Debug|Any CPU
		Release|Any CPU = Release|Any CPU
	EndGlobalSection
	GlobalSection(ProjectConfigurationPlatforms) = postSolution
		{C0570B3D-19B5-4C6F-866E-C1B055DA06B3}.Debug|Any CPU.ActiveCfg = Debug|Any CPU
		{C0570B3D-19B5-4C6F-866E-C1B055DA06B3}.Debug|Any CPU.Build.0 = Debug|Any CPU
		{C0570B3D-19B5-4C6F-866E-C1B055DA06B3}.Release|Any CPU.ActiveCfg = Release|Any CPU
		{C0570B3D-19B5-4C6F-866E-C1B055DA06B3}.Release|Any CPU.Build.0 = Release|Any CPU
	EndGlobalSection
	GlobalSection(SolutionProperties) = preSolution
		HideSolutionNode = FALSE
	EndGlobalSection
	GlobalSection(ExtensibilityGlobals) = postSolution
		SolutionGuid = {38B763B3-EA06-4752-80B5-2C63CE2231CE}
	EndGlobalSection
EndGlobal
