
Microsoft Visual Studio Solution File, Format Version 12.00
# Visual Studio Version 16
VisualStudioVersion = 16.0.31702.278
MinimumVisualStudioVersion = 10.0.40219.1
Project("{FAE04EC0-301F-11D3-BF4B-00C04F79EFBC}") = "mod", "mod.csproj", "{50FF5957-1A9F-4A0D-943D-62E0F507302B}"
EndProject
Global
	GlobalSection(SolutionConfigurationPlatforms) = preSolution
		Debug|Any CPU = Debug|Any CPU
		Release|Any CPU = Release|Any CPU
	EndGlobalSection
	GlobalSection(ProjectConfigurationPlatforms) = postSolution
		{50FF5957-1A9F-4A0D-943D-62E0F507302B}.Debug|Any CPU.ActiveCfg = Debug|Any CPU
		{50FF5957-1A9F-4A0D-943D-62E0F507302B}.Debug|Any CPU.Build.0 = Debug|Any CPU
		{50FF5957-1A9F-4A0D-943D-62E0F507302B}.Release|Any CPU.ActiveCfg = Release|Any CPU
		{50FF5957-1A9F-4A0D-943D-62E0F507302B}.Release|Any CPU.Build.0 = Release|Any CPU
	EndGlobalSection
	GlobalSection(SolutionProperties) = preSolution
		HideSolutionNode = FALSE
	EndGlobalSection
	GlobalSection(ExtensibilityGlobals) = postSolution
		SolutionGuid = {81A90CCE-1FD9-4607-A04C-95648BB1FE2B}
	EndGlobalSection
EndGlobal
